
Microsoft Visual Studio Solution File, Format Version 12.00
# Visual Studio Version 17
VisualStudioVersion = 17.0.32126.317
MinimumVisualStudioVersion = 10.0.40219.1
Project("{FAE04EC0-301F-11D3-BF4B-00C04F79EFBC}") = "Debugging 3", "Debugging 3.csproj", "{700A84CC-C4ED-4E64-A2A6-37A4C9E97BBA}"
EndProject
Global
	GlobalSection(SolutionConfigurationPlatforms) = preSolution
		Debug|Any CPU = Debug|Any CPU
		Release|Any CPU = Release|Any CPU
	EndGlobalSection
	GlobalSection(ProjectConfigurationPlatforms) = postSolution
		{700A84CC-C4ED-4E64-A2A6-37A4C9E97BBA}.Debug|Any CPU.ActiveCfg = Debug|Any CPU
		{700A84CC-C4ED-4E64-A2A6-37A4C9E97BBA}.Debug|Any CPU.Build.0 = Debug|Any CPU
		{700A84CC-C4ED-4E64-A2A6-37A4C9E97BBA}.Release|Any CPU.ActiveCfg = Release|Any CPU
		{700A84CC-C4ED-4E64-A2A6-37A4C9E97BBA}.Release|Any CPU.Build.0 = Release|Any CPU
	EndGlobalSection
	GlobalSection(SolutionProperties) = preSolution
		HideSolutionNode = FALSE
	EndGlobalSection
	GlobalSection(ExtensibilityGlobals) = postSolution
		SolutionGuid = {AD157B92-9F84-4752-9F8E-58004E5810E5}
	EndGlobalSection
EndGlobal
